
Microsoft Visual Studio Solution File, Format Version 12.00
# Visual Studio Version 16
VisualStudioVersion = 16.0.31112.23
MinimumVisualStudioVersion = 10.0.40219.1
Project("{FAE04EC0-301F-11D3-BF4B-00C04F79EFBC}") = "JSON Parser", "JSON Parser\JSON Parser.csproj", "{47E2DD14-D8FC-45EA-B0E6-399D325D3026}"
EndProject
Global
	GlobalSection(SolutionConfigurationPlatforms) = preSolution
		Debug|Any CPU = Debug|Any CPU
		Release|Any CPU = Release|Any CPU
	EndGlobalSection
	GlobalSection(ProjectConfigurationPlatforms) = postSolution
		{47E2DD14-D8FC-45EA-B0E6-399D325D3026}.Debug|Any CPU.ActiveCfg = Debug|Any CPU
		{47E2DD14-D8FC-45EA-B0E6-399D325D3026}.Debug|Any CPU.Build.0 = Debug|Any CPU
		{47E2DD14-D8FC-45EA-B0E6-399D325D3026}.Release|Any CPU.ActiveCfg = Release|Any CPU
		{47E2DD14-D8FC-45EA-B0E6-399D325D3026}.Release|Any CPU.Build.0 = Release|Any CPU
	EndGlobalSection
	GlobalSection(SolutionProperties) = preSolution
		HideSolutionNode = FALSE
	EndGlobalSection
	GlobalSection(ExtensibilityGlobals) = postSolution
		SolutionGuid = {7B436BB7-4793-463D-8BC2-EAF6EC536BA2}
	EndGlobalSection
EndGlobal
